// !$*UTF8*$!
{
	archiveVersion = 1;
	classes = {
	};
	objectVersion = 51;
	objects = {

/* Begin PBXBuildFile section */
		7AE5D26E6BD60B8A10EA9722 /* Pods_Instagram_ClonTests.framework in Frameworks */ = {isa = PBXBuildFile; fileRef = 11E7BD0AEF96694268361D51 /* Pods_Instagram_ClonTests.framework */; };
		8934520AEBBA3864AB477433 /* Pods_Instagram_Clon.framework in Frameworks */ = {isa = PBXBuildFile; fileRef = B978B44249FED2A577B8181E /* Pods_Instagram_Clon.framework */; };
		969D0B7226DF69970090048C /* SignInViewModel.swift in Sources */ = {isa = PBXBuildFile; fileRef = 969D0B7126DF69970090048C /* SignInViewModel.swift */; };
		969D0B7426DF78640090048C /* SignUpViewModel.swift in Sources */ = {isa = PBXBuildFile; fileRef = 969D0B7326DF78640090048C /* SignUpViewModel.swift */; };
		96AB38FB26DE0B7400B9D706 /* MyPostCell.swift in Sources */ = {isa = PBXBuildFile; fileRef = 96AB38FA26DE0B7400B9D706 /* MyPostCell.swift */; };
		96AE314226D9FBDA00292631 /* SearchViewModel.swift in Sources */ = {isa = PBXBuildFile; fileRef = 96AE314126D9FBDA00292631 /* SearchViewModel.swift */; };
		96AE314426D9FFD900292631 /* UserCell.swift in Sources */ = {isa = PBXBuildFile; fileRef = 96AE314326D9FFD900292631 /* UserCell.swift */; };
		96AE314626DA07CC00292631 /* ProfileViewModel.swift in Sources */ = {isa = PBXBuildFile; fileRef = 96AE314526DA07CC00292631 /* ProfileViewModel.swift */; };
		96B082CF26D367C4000E7FC2 /* AppDelegate.swift in Sources */ = {isa = PBXBuildFile; fileRef = 96B082CE26D367C4000E7FC2 /* AppDelegate.swift */; };
		96B082D126D367C4000E7FC2 /* SceneDelegate.swift in Sources */ = {isa = PBXBuildFile; fileRef = 96B082D026D367C4000E7FC2 /* SceneDelegate.swift */; };
		96B082D526D367C7000E7FC2 /* Assets.xcassets in Resources */ = {isa = PBXBuildFile; fileRef = 96B082D426D367C7000E7FC2 /* Assets.xcassets */; };
		96B082D826D367C7000E7FC2 /* Preview Assets.xcassets in Resources */ = {isa = PBXBuildFile; fileRef = 96B082D726D367C7000E7FC2 /* Preview Assets.xcassets */; };
		96B082DB26D367C7000E7FC2 /* LaunchScreen.storyboard in Resources */ = {isa = PBXBuildFile; fileRef = 96B082D926D367C7000E7FC2 /* LaunchScreen.storyboard */; };
		96B082E626D367C8000E7FC2 /* Instagram_ClonTests.swift in Sources */ = {isa = PBXBuildFile; fileRef = 96B082E526D367C8000E7FC2 /* Instagram_ClonTests.swift */; };
		96B082F126D367C8000E7FC2 /* Instagram_ClonUITests.swift in Sources */ = {isa = PBXBuildFile; fileRef = 96B082F026D367C8000E7FC2 /* Instagram_ClonUITests.swift */; };
		96B0830126D36B46000E7FC2 /* StarterScreen.swift in Sources */ = {isa = PBXBuildFile; fileRef = 96B0830026D36B46000E7FC2 /* StarterScreen.swift */; };
		96B0830326D36B78000E7FC2 /* SignInScreen.swift in Sources */ = {isa = PBXBuildFile; fileRef = 96B0830226D36B77000E7FC2 /* SignInScreen.swift */; };
		96B0830626D36D97000E7FC2 /* Utils.swift in Sources */ = {isa = PBXBuildFile; fileRef = 96B0830526D36D97000E7FC2 /* Utils.swift */; };
		96B0830826D37611000E7FC2 /* SignUpScreen.swift in Sources */ = {isa = PBXBuildFile; fileRef = 96B0830726D37611000E7FC2 /* SignUpScreen.swift */; };
		96B0835226D399EE000E7FC2 /* Localizable.strings in Resources */ = {isa = PBXBuildFile; fileRef = 96B0835426D399EE000E7FC2 /* Localizable.strings */; };
		96B0835826D39DE4000E7FC2 /* Billabong.ttf in Resources */ = {isa = PBXBuildFile; fileRef = 96B0835726D39DA6000E7FC2 /* Billabong.ttf */; };
		96B5B4F326D897D800FCBC06 /* FeedViewModel.swift in Sources */ = {isa = PBXBuildFile; fileRef = 96B5B4F226D897D800FCBC06 /* FeedViewModel.swift */; };
		96B5B4F526D8983300FCBC06 /* Post.swift in Sources */ = {isa = PBXBuildFile; fileRef = 96B5B4F426D8983300FCBC06 /* Post.swift */; };
		96B5B4F826D89D0200FCBC06 /* PostCell.swift in Sources */ = {isa = PBXBuildFile; fileRef = 96B5B4F726D89D0200FCBC06 /* PostCell.swift */; };
		96B5B4FA26D8AD3800FCBC06 /* LikeViewModel.swift in Sources */ = {isa = PBXBuildFile; fileRef = 96B5B4F926D8AD3800FCBC06 /* LikeViewModel.swift */; };
		96BACB5126D5F32700008CC9 /* ImageRicerView.swift in Sources */ = {isa = PBXBuildFile; fileRef = 96BACB5026D5F32700008CC9 /* ImageRicerView.swift */; };
		96BACB5326D5F69500008CC9 /* Coordinator.swift in Sources */ = {isa = PBXBuildFile; fileRef = 96BACB5226D5F69500008CC9 /* Coordinator.swift */; };
		96C2139A26E71F34009ACDF4 /* DatabaseStore.swift in Sources */ = {isa = PBXBuildFile; fileRef = 96C2139926E71F34009ACDF4 /* DatabaseStore.swift */; };
		96C2139C26E72E20009ACDF4 /* StorageStore.swift in Sources */ = {isa = PBXBuildFile; fileRef = 96C2139B26E72E20009ACDF4 /* StorageStore.swift */; };
		96CF99C826D4B1AD00E90BBF /* HomeScreen.swift in Sources */ = {isa = PBXBuildFile; fileRef = 96CF99C726D4B1AD00E90BBF /* HomeScreen.swift */; };
		96CF99CB26D4B21400E90BBF /* SessionStore.swift in Sources */ = {isa = PBXBuildFile; fileRef = 96CF99CA26D4B21400E90BBF /* SessionStore.swift */; };
		96CF99CE26D4B29B00E90BBF /* User.swift in Sources */ = {isa = PBXBuildFile; fileRef = 96CF99CD26D4B29B00E90BBF /* User.swift */; };
		96CF99D026D4B8E600E90BBF /* HomeFeedScreen.swift in Sources */ = {isa = PBXBuildFile; fileRef = 96CF99CF26D4B8E600E90BBF /* HomeFeedScreen.swift */; };
		96CF99D226D4B98D00E90BBF /* HomeSearchScreen.swift in Sources */ = {isa = PBXBuildFile; fileRef = 96CF99D126D4B98D00E90BBF /* HomeSearchScreen.swift */; };
		96CF99D426D4B9B700E90BBF /* HomeUploadScreen.swift in Sources */ = {isa = PBXBuildFile; fileRef = 96CF99D326D4B9B700E90BBF /* HomeUploadScreen.swift */; };
		96CF99D626D4B9D100E90BBF /* HomeLikesScreen.swift in Sources */ = {isa = PBXBuildFile; fileRef = 96CF99D526D4B9D100E90BBF /* HomeLikesScreen.swift */; };
		96CF99D826D4B9EA00E90BBF /* HomeProfilesScreen.swift in Sources */ = {isa = PBXBuildFile; fileRef = 96CF99D726D4B9EA00E90BBF /* HomeProfilesScreen.swift */; };
		96D8777B26DF4F9A00F5EA49 /* GoogleService-Info.plist in Resources */ = {isa = PBXBuildFile; fileRef = 96D8777A26DF4F9A00F5EA49 /* GoogleService-Info.plist */; };
		EFE24D1202DE9B78BA8B9C5D /* Pods_Instagram_Clon_Instagram_ClonUITests.framework in Frameworks */ = {isa = PBXBuildFile; fileRef = 6005811A37AA7022833F9DBC /* Pods_Instagram_Clon_Instagram_ClonUITests.framework */; };
/* End PBXBuildFile section */

/* Begin PBXContainerItemProxy section */
		96B082E226D367C8000E7FC2 /* PBXContainerItemProxy */ = {
			isa = PBXContainerItemProxy;
			containerPortal = 96B082C326D367C4000E7FC2 /* Project object */;
			proxyType = 1;
			remoteGlobalIDString = 96B082CA26D367C4000E7FC2;
			remoteInfo = Instagram_Clon;
		};
		96B082ED26D367C8000E7FC2 /* PBXContainerItemProxy */ = {
			isa = PBXContainerItemProxy;
			containerPortal = 96B082C326D367C4000E7FC2 /* Project object */;
			proxyType = 1;
			remoteGlobalIDString = 96B082CA26D367C4000E7FC2;
			remoteInfo = Instagram_Clon;
		};
/* End PBXContainerItemProxy section */

/* Begin PBXFileReference section */
		11E7BD0AEF96694268361D51 /* Pods_Instagram_ClonTests.framework */ = {isa = PBXFileReference; explicitFileType = wrapper.framework; includeInIndex = 0; path = Pods_Instagram_ClonTests.framework; sourceTree = BUILT_PRODUCTS_DIR; };
		597C6B2C0DADD605DEDC13D7 /* Pods-Instagram_Clon-Instagram_ClonUITests.release.xcconfig */ = {isa = PBXFileReference; includeInIndex = 1; lastKnownFileType = text.xcconfig; name = "Pods-Instagram_Clon-Instagram_ClonUITests.release.xcconfig"; path = "Target Support Files/Pods-Instagram_Clon-Instagram_ClonUITests/Pods-Instagram_Clon-Instagram_ClonUITests.release.xcconfig"; sourceTree = "<group>"; };
		6005811A37AA7022833F9DBC /* Pods_Instagram_Clon_Instagram_ClonUITests.framework */ = {isa = PBXFileReference; explicitFileType = wrapper.framework; includeInIndex = 0; path = Pods_Instagram_Clon_Instagram_ClonUITests.framework; sourceTree = BUILT_PRODUCTS_DIR; };
		7E99870FBED54CD59F71EAF1 /* Pods-Instagram_ClonTests.release.xcconfig */ = {isa = PBXFileReference; includeInIndex = 1; lastKnownFileType = text.xcconfig; name = "Pods-Instagram_ClonTests.release.xcconfig"; path = "Target Support Files/Pods-Instagram_ClonTests/Pods-Instagram_ClonTests.release.xcconfig"; sourceTree = "<group>"; };
		7EEE6E06A92CF03B384CF83A /* Pods-Instagram_Clon.debug.xcconfig */ = {isa = PBXFileReference; includeInIndex = 1; lastKnownFileType = text.xcconfig; name = "Pods-Instagram_Clon.debug.xcconfig"; path = "Target Support Files/Pods-Instagram_Clon/Pods-Instagram_Clon.debug.xcconfig"; sourceTree = "<group>"; };
		969D0B7126DF69970090048C /* SignInViewModel.swift */ = {isa = PBXFileReference; lastKnownFileType = sourcecode.swift; path = SignInViewModel.swift; sourceTree = "<group>"; };
		969D0B7326DF78640090048C /* SignUpViewModel.swift */ = {isa = PBXFileReference; lastKnownFileType = sourcecode.swift; path = SignUpViewModel.swift; sourceTree = "<group>"; };
		96AB38FA26DE0B7400B9D706 /* MyPostCell.swift */ = {isa = PBXFileReference; lastKnownFileType = sourcecode.swift; path = MyPostCell.swift; sourceTree = "<group>"; };
		96AE314126D9FBDA00292631 /* SearchViewModel.swift */ = {isa = PBXFileReference; lastKnownFileType = sourcecode.swift; path = SearchViewModel.swift; sourceTree = "<group>"; };
		96AE314326D9FFD900292631 /* UserCell.swift */ = {isa = PBXFileReference; lastKnownFileType = sourcecode.swift; path = UserCell.swift; sourceTree = "<group>"; };
		96AE314526DA07CC00292631 /* ProfileViewModel.swift */ = {isa = PBXFileReference; lastKnownFileType = sourcecode.swift; path = ProfileViewModel.swift; sourceTree = "<group>"; };
		96B082CB26D367C4000E7FC2 /* Instagram_Clon.app */ = {isa = PBXFileReference; explicitFileType = wrapper.application; includeInIndex = 0; path = Instagram_Clon.app; sourceTree = BUILT_PRODUCTS_DIR; };
		96B082CE26D367C4000E7FC2 /* AppDelegate.swift */ = {isa = PBXFileReference; lastKnownFileType = sourcecode.swift; path = AppDelegate.swift; sourceTree = "<group>"; };
		96B082D026D367C4000E7FC2 /* SceneDelegate.swift */ = {isa = PBXFileReference; lastKnownFileType = sourcecode.swift; path = SceneDelegate.swift; sourceTree = "<group>"; };
		96B082D426D367C7000E7FC2 /* Assets.xcassets */ = {isa = PBXFileReference; lastKnownFileType = folder.assetcatalog; path = Assets.xcassets; sourceTree = "<group>"; };
		96B082D726D367C7000E7FC2 /* Preview Assets.xcassets */ = {isa = PBXFileReference; lastKnownFileType = folder.assetcatalog; path = "Preview Assets.xcassets"; sourceTree = "<group>"; };
		96B082DA26D367C7000E7FC2 /* Base */ = {isa = PBXFileReference; lastKnownFileType = file.storyboard; name = Base; path = Base.lproj/LaunchScreen.storyboard; sourceTree = "<group>"; };
		96B082DC26D367C7000E7FC2 /* Info.plist */ = {isa = PBXFileReference; lastKnownFileType = text.plist.xml; path = Info.plist; sourceTree = "<group>"; };
		96B082E126D367C8000E7FC2 /* Instagram_ClonTests.xctest */ = {isa = PBXFileReference; explicitFileType = wrapper.cfbundle; includeInIndex = 0; path = Instagram_ClonTests.xctest; sourceTree = BUILT_PRODUCTS_DIR; };
		96B082E526D367C8000E7FC2 /* Instagram_ClonTests.swift */ = {isa = PBXFileReference; lastKnownFileType = sourcecode.swift; path = Instagram_ClonTests.swift; sourceTree = "<group>"; };
		96B082E726D367C8000E7FC2 /* Info.plist */ = {isa = PBXFileReference; lastKnownFileType = text.plist.xml; path = Info.plist; sourceTree = "<group>"; };
		96B082EC26D367C8000E7FC2 /* Instagram_ClonUITests.xctest */ = {isa = PBXFileReference; explicitFileType = wrapper.cfbundle; includeInIndex = 0; path = Instagram_ClonUITests.xctest; sourceTree = BUILT_PRODUCTS_DIR; };
		96B082F026D367C8000E7FC2 /* Instagram_ClonUITests.swift */ = {isa = PBXFileReference; lastKnownFileType = sourcecode.swift; path = Instagram_ClonUITests.swift; sourceTree = "<group>"; };
		96B082F226D367C8000E7FC2 /* Info.plist */ = {isa = PBXFileReference; lastKnownFileType = text.plist.xml; path = Info.plist; sourceTree = "<group>"; };
		96B0830026D36B46000E7FC2 /* StarterScreen.swift */ = {isa = PBXFileReference; lastKnownFileType = sourcecode.swift; path = StarterScreen.swift; sourceTree = "<group>"; };
		96B0830226D36B77000E7FC2 /* SignInScreen.swift */ = {isa = PBXFileReference; lastKnownFileType = sourcecode.swift; path = SignInScreen.swift; sourceTree = "<group>"; };
		96B0830526D36D97000E7FC2 /* Utils.swift */ = {isa = PBXFileReference; lastKnownFileType = sourcecode.swift; path = Utils.swift; sourceTree = "<group>"; };
		96B0830726D37611000E7FC2 /* SignUpScreen.swift */ = {isa = PBXFileReference; lastKnownFileType = sourcecode.swift; path = SignUpScreen.swift; sourceTree = "<group>"; };
		96B0835326D399EE000E7FC2 /* en */ = {isa = PBXFileReference; lastKnownFileType = text.plist.strings; name = en; path = en.lproj/Localizable.strings; sourceTree = "<group>"; };
		96B0835526D39A77000E7FC2 /* ru */ = {isa = PBXFileReference; lastKnownFileType = text.plist.strings; name = ru; path = ru.lproj/LaunchScreen.strings; sourceTree = "<group>"; };
		96B0835626D39A77000E7FC2 /* ru */ = {isa = PBXFileReference; lastKnownFileType = text.plist.strings; name = ru; path = ru.lproj/Localizable.strings; sourceTree = "<group>"; };
		96B0835726D39DA6000E7FC2 /* Billabong.ttf */ = {isa = PBXFileReference; lastKnownFileType = file; path = Billabong.ttf; sourceTree = "<group>"; };
		96B5B4F226D897D800FCBC06 /* FeedViewModel.swift */ = {isa = PBXFileReference; lastKnownFileType = sourcecode.swift; path = FeedViewModel.swift; sourceTree = "<group>"; };
		96B5B4F426D8983300FCBC06 /* Post.swift */ = {isa = PBXFileReference; lastKnownFileType = sourcecode.swift; path = Post.swift; sourceTree = "<group>"; };
		96B5B4F726D89D0200FCBC06 /* PostCell.swift */ = {isa = PBXFileReference; lastKnownFileType = sourcecode.swift; path = PostCell.swift; sourceTree = "<group>"; };
		96B5B4F926D8AD3800FCBC06 /* LikeViewModel.swift */ = {isa = PBXFileReference; lastKnownFileType = sourcecode.swift; path = LikeViewModel.swift; sourceTree = "<group>"; };
		96BACB5026D5F32700008CC9 /* ImageRicerView.swift */ = {isa = PBXFileReference; lastKnownFileType = sourcecode.swift; path = ImageRicerView.swift; sourceTree = "<group>"; };
		96BACB5226D5F69500008CC9 /* Coordinator.swift */ = {isa = PBXFileReference; lastKnownFileType = sourcecode.swift; path = Coordinator.swift; sourceTree = "<group>"; };
		96C2139926E71F34009ACDF4 /* DatabaseStore.swift */ = {isa = PBXFileReference; lastKnownFileType = sourcecode.swift; path = DatabaseStore.swift; sourceTree = "<group>"; };
		96C2139B26E72E20009ACDF4 /* StorageStore.swift */ = {isa = PBXFileReference; lastKnownFileType = sourcecode.swift; path = StorageStore.swift; sourceTree = "<group>"; };
		96CF99C726D4B1AD00E90BBF /* HomeScreen.swift */ = {isa = PBXFileReference; lastKnownFileType = sourcecode.swift; path = HomeScreen.swift; sourceTree = "<group>"; };
		96CF99CA26D4B21400E90BBF /* SessionStore.swift */ = {isa = PBXFileReference; lastKnownFileType = sourcecode.swift; path = SessionStore.swift; sourceTree = "<group>"; };
		96CF99CD26D4B29B00E90BBF /* User.swift */ = {isa = PBXFileReference; lastKnownFileType = sourcecode.swift; path = User.swift; sourceTree = "<group>"; };
		96CF99CF26D4B8E600E90BBF /* HomeFeedScreen.swift */ = {isa = PBXFileReference; lastKnownFileType = sourcecode.swift; path = HomeFeedScreen.swift; sourceTree = "<group>"; };
		96CF99D126D4B98D00E90BBF /* HomeSearchScreen.swift */ = {isa = PBXFileReference; lastKnownFileType = sourcecode.swift; path = HomeSearchScreen.swift; sourceTree = "<group>"; };
		96CF99D326D4B9B700E90BBF /* HomeUploadScreen.swift */ = {isa = PBXFileReference; lastKnownFileType = sourcecode.swift; path = HomeUploadScreen.swift; sourceTree = "<group>"; };
		96CF99D526D4B9D100E90BBF /* HomeLikesScreen.swift */ = {isa = PBXFileReference; lastKnownFileType = sourcecode.swift; path = HomeLikesScreen.swift; sourceTree = "<group>"; };
		96CF99D726D4B9EA00E90BBF /* HomeProfilesScreen.swift */ = {isa = PBXFileReference; lastKnownFileType = sourcecode.swift; path = HomeProfilesScreen.swift; sourceTree = "<group>"; };
		96D8777A26DF4F9A00F5EA49 /* GoogleService-Info.plist */ = {isa = PBXFileReference; fileEncoding = 4; lastKnownFileType = text.plist.xml; path = "GoogleService-Info.plist"; sourceTree = "<group>"; };
		B978B44249FED2A577B8181E /* Pods_Instagram_Clon.framework */ = {isa = PBXFileReference; explicitFileType = wrapper.framework; includeInIndex = 0; path = Pods_Instagram_Clon.framework; sourceTree = BUILT_PRODUCTS_DIR; };
		BFFA4BF9A8D1E19B1E96BAE5 /* Pods-Instagram_Clon.release.xcconfig */ = {isa = PBXFileReference; includeInIndex = 1; lastKnownFileType = text.xcconfig; name = "Pods-Instagram_Clon.release.xcconfig"; path = "Target Support Files/Pods-Instagram_Clon/Pods-Instagram_Clon.release.xcconfig"; sourceTree = "<group>"; };
		C266CCA047589652AE283D1A /* Pods-Instagram_Clon-Instagram_ClonUITests.debug.xcconfig */ = {isa = PBXFileReference; includeInIndex = 1; lastKnownFileType = text.xcconfig; name = "Pods-Instagram_Clon-Instagram_ClonUITests.debug.xcconfig"; path = "Target Support Files/Pods-Instagram_Clon-Instagram_ClonUITests/Pods-Instagram_Clon-Instagram_ClonUITests.debug.xcconfig"; sourceTree = "<group>"; };
		EB05B18D40D66B66C4098C50 /* Pods-Instagram_ClonTests.debug.xcconfig */ = {isa = PBXFileReference; includeInIndex = 1; lastKnownFileType = text.xcconfig; name = "Pods-Instagram_ClonTests.debug.xcconfig"; path = "Target Support Files/Pods-Instagram_ClonTests/Pods-Instagram_ClonTests.debug.xcconfig"; sourceTree = "<group>"; };
/* End PBXFileReference section */

/* Begin PBXFrameworksBuildPhase section */
		96B082C826D367C4000E7FC2 /* Frameworks */ = {
			isa = PBXFrameworksBuildPhase;
			buildActionMask = 2147483647;
			files = (
				8934520AEBBA3864AB477433 /* Pods_Instagram_Clon.framework in Frameworks */,
			);
			runOnlyForDeploymentPostprocessing = 0;
		};
		96B082DE26D367C8000E7FC2 /* Frameworks */ = {
			isa = PBXFrameworksBuildPhase;
			buildActionMask = 2147483647;
			files = (
				7AE5D26E6BD60B8A10EA9722 /* Pods_Instagram_ClonTests.framework in Frameworks */,
			);
			runOnlyForDeploymentPostprocessing = 0;
		};
		96B082E926D367C8000E7FC2 /* Frameworks */ = {
			isa = PBXFrameworksBuildPhase;
			buildActionMask = 2147483647;
			files = (
				EFE24D1202DE9B78BA8B9C5D /* Pods_Instagram_Clon_Instagram_ClonUITests.framework in Frameworks */,
			);
			runOnlyForDeploymentPostprocessing = 0;
		};
/* End PBXFrameworksBuildPhase section */

/* Begin PBXGroup section */
		59C3561FCEB13499E1700FB0 /* Pods */ = {
			isa = PBXGroup;
			children = (
				7EEE6E06A92CF03B384CF83A /* Pods-Instagram_Clon.debug.xcconfig */,
				BFFA4BF9A8D1E19B1E96BAE5 /* Pods-Instagram_Clon.release.xcconfig */,
				C266CCA047589652AE283D1A /* Pods-Instagram_Clon-Instagram_ClonUITests.debug.xcconfig */,
				597C6B2C0DADD605DEDC13D7 /* Pods-Instagram_Clon-Instagram_ClonUITests.release.xcconfig */,
				EB05B18D40D66B66C4098C50 /* Pods-Instagram_ClonTests.debug.xcconfig */,
				7E99870FBED54CD59F71EAF1 /* Pods-Instagram_ClonTests.release.xcconfig */,
			);
			path = Pods;
			sourceTree = "<group>";
		};
		96B082C226D367C4000E7FC2 = {
			isa = PBXGroup;
			children = (
				96B082CD26D367C4000E7FC2 /* Instagram_Clon */,
				96B082E426D367C8000E7FC2 /* Instagram_ClonTests */,
				96B082EF26D367C8000E7FC2 /* Instagram_ClonUITests */,
				96B082CC26D367C4000E7FC2 /* Products */,
				59C3561FCEB13499E1700FB0 /* Pods */,
				BDC872444EE49B39F79E8486 /* Frameworks */,
			);
			sourceTree = "<group>";
		};
		96B082CC26D367C4000E7FC2 /* Products */ = {
			isa = PBXGroup;
			children = (
				96B082CB26D367C4000E7FC2 /* Instagram_Clon.app */,
				96B082E126D367C8000E7FC2 /* Instagram_ClonTests.xctest */,
				96B082EC26D367C8000E7FC2 /* Instagram_ClonUITests.xctest */,
			);
			name = Products;
			sourceTree = "<group>";
		};
		96B082CD26D367C4000E7FC2 /* Instagram_Clon */ = {
			isa = PBXGroup;
			children = (
				96B5B4F626D89CCF00FCBC06 /* cells */,
				96B5B4F126D8978F00FCBC06 /* viewmodel */,
				96CF99CC26D4B28A00E90BBF /* model */,
				96CF99C926D4B1ED00E90BBF /* service */,
				96B082FF26D36AAC000E7FC2 /* screens */,
				96B082FE26D36A7E000E7FC2 /* apputills */,
				96B0830426D36D7D000E7FC2 /* Utils */,
				96B082D026D367C4000E7FC2 /* SceneDelegate.swift */,
				96B082CE26D367C4000E7FC2 /* AppDelegate.swift */,
				96D8777A26DF4F9A00F5EA49 /* GoogleService-Info.plist */,
				96B082DC26D367C7000E7FC2 /* Info.plist */,
				96B082D626D367C7000E7FC2 /* Preview Content */,
			);
			path = Instagram_Clon;
			sourceTree = "<group>";
		};
		96B082D626D367C7000E7FC2 /* Preview Content */ = {
			isa = PBXGroup;
			children = (
				96B082D726D367C7000E7FC2 /* Preview Assets.xcassets */,
			);
			path = "Preview Content";
			sourceTree = "<group>";
		};
		96B082E426D367C8000E7FC2 /* Instagram_ClonTests */ = {
			isa = PBXGroup;
			children = (
				96B082E526D367C8000E7FC2 /* Instagram_ClonTests.swift */,
				96B082E726D367C8000E7FC2 /* Info.plist */,
			);
			path = Instagram_ClonTests;
			sourceTree = "<group>";
		};
		96B082EF26D367C8000E7FC2 /* Instagram_ClonUITests */ = {
			isa = PBXGroup;
			children = (
				96B082F026D367C8000E7FC2 /* Instagram_ClonUITests.swift */,
				96B082F226D367C8000E7FC2 /* Info.plist */,
			);
			path = Instagram_ClonUITests;
			sourceTree = "<group>";
		};
		96B082FE26D36A7E000E7FC2 /* apputills */ = {
			isa = PBXGroup;
			children = (
				96B0835726D39DA6000E7FC2 /* Billabong.ttf */,
				96B0835426D399EE000E7FC2 /* Localizable.strings */,
				96B082D926D367C7000E7FC2 /* LaunchScreen.storyboard */,
				96B082D426D367C7000E7FC2 /* Assets.xcassets */,
			);
			path = apputills;
			sourceTree = "<group>";
		};
		96B082FF26D36AAC000E7FC2 /* screens */ = {
			isa = PBXGroup;
			children = (
				96B0830026D36B46000E7FC2 /* StarterScreen.swift */,
				96B0830226D36B77000E7FC2 /* SignInScreen.swift */,
				96B0830726D37611000E7FC2 /* SignUpScreen.swift */,
				96CF99C726D4B1AD00E90BBF /* HomeScreen.swift */,
				96CF99CF26D4B8E600E90BBF /* HomeFeedScreen.swift */,
				96CF99D126D4B98D00E90BBF /* HomeSearchScreen.swift */,
				96CF99D326D4B9B700E90BBF /* HomeUploadScreen.swift */,
				96CF99D526D4B9D100E90BBF /* HomeLikesScreen.swift */,
				96CF99D726D4B9EA00E90BBF /* HomeProfilesScreen.swift */,
			);
			path = screens;
			sourceTree = "<group>";
		};
		96B0830426D36D7D000E7FC2 /* Utils */ = {
			isa = PBXGroup;
			children = (
				96B0830526D36D97000E7FC2 /* Utils.swift */,
				96BACB5026D5F32700008CC9 /* ImageRicerView.swift */,
				96BACB5226D5F69500008CC9 /* Coordinator.swift */,
			);
			path = Utils;
			sourceTree = "<group>";
		};
		96B5B4F126D8978F00FCBC06 /* viewmodel */ = {
			isa = PBXGroup;
			children = (
				96B5B4F226D897D800FCBC06 /* FeedViewModel.swift */,
				96B5B4F926D8AD3800FCBC06 /* LikeViewModel.swift */,
				96AE314126D9FBDA00292631 /* SearchViewModel.swift */,
				96AE314526DA07CC00292631 /* ProfileViewModel.swift */,
				969D0B7126DF69970090048C /* SignInViewModel.swift */,
				969D0B7326DF78640090048C /* SignUpViewModel.swift */,
			);
			path = viewmodel;
			sourceTree = "<group>";
		};
		96B5B4F626D89CCF00FCBC06 /* cells */ = {
			isa = PBXGroup;
			children = (
				96B5B4F726D89D0200FCBC06 /* PostCell.swift */,
				96AE314326D9FFD900292631 /* UserCell.swift */,
				96AB38FA26DE0B7400B9D706 /* MyPostCell.swift */,
			);
			path = cells;
			sourceTree = "<group>";
		};
		96CF99C926D4B1ED00E90BBF /* service */ = {
			isa = PBXGroup;
			children = (
				96CF99CA26D4B21400E90BBF /* SessionStore.swift */,
				96C2139926E71F34009ACDF4 /* DatabaseStore.swift */,
				96C2139B26E72E20009ACDF4 /* StorageStore.swift */,
			);
			path = service;
			sourceTree = "<group>";
		};
		96CF99CC26D4B28A00E90BBF /* model */ = {
			isa = PBXGroup;
			children = (
				96CF99CD26D4B29B00E90BBF /* User.swift */,
				96B5B4F426D8983300FCBC06 /* Post.swift */,
			);
			path = model;
			sourceTree = "<group>";
		};
		BDC872444EE49B39F79E8486 /* Frameworks */ = {
			isa = PBXGroup;
			children = (
				B978B44249FED2A577B8181E /* Pods_Instagram_Clon.framework */,
				6005811A37AA7022833F9DBC /* Pods_Instagram_Clon_Instagram_ClonUITests.framework */,
				11E7BD0AEF96694268361D51 /* Pods_Instagram_ClonTests.framework */,
			);
			name = Frameworks;
			sourceTree = "<group>";
		};
/* End PBXGroup section */

/* Begin PBXNativeTarget section */
		96B082CA26D367C4000E7FC2 /* Instagram_Clon */ = {
			isa = PBXNativeTarget;
			buildConfigurationList = 96B082F526D367C8000E7FC2 /* Build configuration list for PBXNativeTarget "Instagram_Clon" */;
			buildPhases = (
				E678FCB7312AA19B50CB12C2 /* [CP] Check Pods Manifest.lock */,
				96B082C726D367C4000E7FC2 /* Sources */,
				96B082C826D367C4000E7FC2 /* Frameworks */,
				96B082C926D367C4000E7FC2 /* Resources */,
				5570EFCCD1B431654DE8144F /* [CP] Embed Pods Frameworks */,
			);
			buildRules = (
			);
			dependencies = (
			);
			name = Instagram_Clon;
			productName = Instagram_Clon;
			productReference = 96B082CB26D367C4000E7FC2 /* Instagram_Clon.app */;
			productType = "com.apple.product-type.application";
		};
		96B082E026D367C8000E7FC2 /* Instagram_ClonTests */ = {
			isa = PBXNativeTarget;
			buildConfigurationList = 96B082F826D367C8000E7FC2 /* Build configuration list for PBXNativeTarget "Instagram_ClonTests" */;
			buildPhases = (
				978B17F65A4B2BEFF644D7A3 /* [CP] Check Pods Manifest.lock */,
				96B082DD26D367C8000E7FC2 /* Sources */,
				96B082DE26D367C8000E7FC2 /* Frameworks */,
				96B082DF26D367C8000E7FC2 /* Resources */,
			);
			buildRules = (
			);
			dependencies = (
				96B082E326D367C8000E7FC2 /* PBXTargetDependency */,
			);
			name = Instagram_ClonTests;
			productName = Instagram_ClonTests;
			productReference = 96B082E126D367C8000E7FC2 /* Instagram_ClonTests.xctest */;
			productType = "com.apple.product-type.bundle.unit-test";
		};
		96B082EB26D367C8000E7FC2 /* Instagram_ClonUITests */ = {
			isa = PBXNativeTarget;
			buildConfigurationList = 96B082FB26D367C8000E7FC2 /* Build configuration list for PBXNativeTarget "Instagram_ClonUITests" */;
			buildPhases = (
				3BAEE45DC70720B0BDA74DD6 /* [CP] Check Pods Manifest.lock */,
				96B082E826D367C8000E7FC2 /* Sources */,
				96B082E926D367C8000E7FC2 /* Frameworks */,
				96B082EA26D367C8000E7FC2 /* Resources */,
				4F6F38BECD7D8CEC5579CAAD /* [CP] Embed Pods Frameworks */,
			);
			buildRules = (
			);
			dependencies = (
				96B082EE26D367C8000E7FC2 /* PBXTargetDependency */,
			);
			name = Instagram_ClonUITests;
			productName = Instagram_ClonUITests;
			productReference = 96B082EC26D367C8000E7FC2 /* Instagram_ClonUITests.xctest */;
			productType = "com.apple.product-type.bundle.ui-testing";
		};
/* End PBXNativeTarget section */

/* Begin PBXProject section */
		96B082C326D367C4000E7FC2 /* Project object */ = {
			isa = PBXProject;
			attributes = {
				LastSwiftUpdateCheck = 1250;
				LastUpgradeCheck = 1250;
				TargetAttributes = {
					96B082CA26D367C4000E7FC2 = {
						CreatedOnToolsVersion = 12.5.1;
					};
					96B082E026D367C8000E7FC2 = {
						CreatedOnToolsVersion = 12.5.1;
						TestTargetID = 96B082CA26D367C4000E7FC2;
					};
					96B082EB26D367C8000E7FC2 = {
						CreatedOnToolsVersion = 12.5.1;
						TestTargetID = 96B082CA26D367C4000E7FC2;
					};
				};
			};
			buildConfigurationList = 96B082C626D367C4000E7FC2 /* Build configuration list for PBXProject "Instagram_Clon" */;
			compatibilityVersion = "Xcode 9.3";
			developmentRegion = en;
			hasScannedForEncodings = 0;
			knownRegions = (
				en,
				Base,
				ru,
			);
			mainGroup = 96B082C226D367C4000E7FC2;
			productRefGroup = 96B082CC26D367C4000E7FC2 /* Products */;
			projectDirPath = "";
			projectRoot = "";
			targets = (
				96B082CA26D367C4000E7FC2 /* Instagram_Clon */,
				96B082E026D367C8000E7FC2 /* Instagram_ClonTests */,
				96B082EB26D367C8000E7FC2 /* Instagram_ClonUITests */,
			);
		};
/* End PBXProject section */

/* Begin PBXResourcesBuildPhase section */
		96B082C926D367C4000E7FC2 /* Resources */ = {
			isa = PBXResourcesBuildPhase;
			buildActionMask = 2147483647;
			files = (
				96B082DB26D367C7000E7FC2 /* LaunchScreen.storyboard in Resources */,
				96B0835226D399EE000E7FC2 /* Localizable.strings in Resources */,
				96B082D826D367C7000E7FC2 /* Preview Assets.xcassets in Resources */,
				96B0835826D39DE4000E7FC2 /* Billabong.ttf in Resources */,
				96B082D526D367C7000E7FC2 /* Assets.xcassets in Resources */,
				96D8777B26DF4F9A00F5EA49 /* GoogleService-Info.plist in Resources */,
			);
			runOnlyForDeploymentPostprocessing = 0;
		};
		96B082DF26D367C8000E7FC2 /* Resources */ = {
			isa = PBXResourcesBuildPhase;
			buildActionMask = 2147483647;
			files = (
			);
			runOnlyForDeploymentPostprocessing = 0;
		};
		96B082EA26D367C8000E7FC2 /* Resources */ = {
			isa = PBXResourcesBuildPhase;
			buildActionMask = 2147483647;
			files = (
			);
			runOnlyForDeploymentPostprocessing = 0;
		};
/* End PBXResourcesBuildPhase section */

/* Begin PBXShellScriptBuildPhase section */
		3BAEE45DC70720B0BDA74DD6 /* [CP] Check Pods Manifest.lock */ = {
			isa = PBXShellScriptBuildPhase;
			buildActionMask = 2147483647;
			files = (
			);
			inputFileListPaths = (
			);
			inputPaths = (
				"${PODS_PODFILE_DIR_PATH}/Podfile.lock",
				"${PODS_ROOT}/Manifest.lock",
			);
			name = "[CP] Check Pods Manifest.lock";
			outputFileListPaths = (
			);
			outputPaths = (
				"$(DERIVED_FILE_DIR)/Pods-Instagram_Clon-Instagram_ClonUITests-checkManifestLockResult.txt",
			);
			runOnlyForDeploymentPostprocessing = 0;
			shellPath = /bin/sh;
			shellScript = "diff \"${PODS_PODFILE_DIR_PATH}/Podfile.lock\" \"${PODS_ROOT}/Manifest.lock\" > /dev/null\nif [ $? != 0 ] ; then\n    # print error to STDERR\n    echo \"error: The sandbox is not in sync with the Podfile.lock. Run 'pod install' or update your CocoaPods installation.\" >&2\n    exit 1\nfi\n# This output is used by Xcode 'outputs' to avoid re-running this script phase.\necho \"SUCCESS\" > \"${SCRIPT_OUTPUT_FILE_0}\"\n";
			showEnvVarsInLog = 0;
		};
		4F6F38BECD7D8CEC5579CAAD /* [CP] Embed Pods Frameworks */ = {
			isa = PBXShellScriptBuildPhase;
			buildActionMask = 2147483647;
			files = (
			);
			inputFileListPaths = (
				"${PODS_ROOT}/Target Support Files/Pods-Instagram_Clon-Instagram_ClonUITests/Pods-Instagram_Clon-Instagram_ClonUITests-frameworks-${CONFIGURATION}-input-files.xcfilelist",
			);
			name = "[CP] Embed Pods Frameworks";
			outputFileListPaths = (
				"${PODS_ROOT}/Target Support Files/Pods-Instagram_Clon-Instagram_ClonUITests/Pods-Instagram_Clon-Instagram_ClonUITests-frameworks-${CONFIGURATION}-output-files.xcfilelist",
			);
			runOnlyForDeploymentPostprocessing = 0;
			shellPath = /bin/sh;
			shellScript = "\"${PODS_ROOT}/Target Support Files/Pods-Instagram_Clon-Instagram_ClonUITests/Pods-Instagram_Clon-Instagram_ClonUITests-frameworks.sh\"\n";
			showEnvVarsInLog = 0;
		};
		5570EFCCD1B431654DE8144F /* [CP] Embed Pods Frameworks */ = {
			isa = PBXShellScriptBuildPhase;
			buildActionMask = 2147483647;
			files = (
			);
			inputFileListPaths = (
				"${PODS_ROOT}/Target Support Files/Pods-Instagram_Clon/Pods-Instagram_Clon-frameworks-${CONFIGURATION}-input-files.xcfilelist",
			);
			name = "[CP] Embed Pods Frameworks";
			outputFileListPaths = (
				"${PODS_ROOT}/Target Support Files/Pods-Instagram_Clon/Pods-Instagram_Clon-frameworks-${CONFIGURATION}-output-files.xcfilelist",
			);
			runOnlyForDeploymentPostprocessing = 0;
			shellPath = /bin/sh;
			shellScript = "\"${PODS_ROOT}/Target Support Files/Pods-Instagram_Clon/Pods-Instagram_Clon-frameworks.sh\"\n";
			showEnvVarsInLog = 0;
		};
		978B17F65A4B2BEFF644D7A3 /* [CP] Check Pods Manifest.lock */ = {
			isa = PBXShellScriptBuildPhase;
			buildActionMask = 2147483647;
			files = (
			);
			inputFileListPaths = (
			);
			inputPaths = (
				"${PODS_PODFILE_DIR_PATH}/Podfile.lock",
				"${PODS_ROOT}/Manifest.lock",
			);
			name = "[CP] Check Pods Manifest.lock";
			outputFileListPaths = (
			);
			outputPaths = (
				"$(DERIVED_FILE_DIR)/Pods-Instagram_ClonTests-checkManifestLockResult.txt",
			);
			runOnlyForDeploymentPostprocessing = 0;
			shellPath = /bin/sh;
			shellScript = "diff \"${PODS_PODFILE_DIR_PATH}/Podfile.lock\" \"${PODS_ROOT}/Manifest.lock\" > /dev/null\nif [ $? != 0 ] ; then\n    # print error to STDERR\n    echo \"error: The sandbox is not in sync with the Podfile.lock. Run 'pod install' or update your CocoaPods installation.\" >&2\n    exit 1\nfi\n# This output is used by Xcode 'outputs' to avoid re-running this script phase.\necho \"SUCCESS\" > \"${SCRIPT_OUTPUT_FILE_0}\"\n";
			showEnvVarsInLog = 0;
		};
		E678FCB7312AA19B50CB12C2 /* [CP] Check Pods Manifest.lock */ = {
			isa = PBXShellScriptBuildPhase;
			buildActionMask = 2147483647;
			files = (
			);
			inputFileListPaths = (
			);
			inputPaths = (
				"${PODS_PODFILE_DIR_PATH}/Podfile.lock",
				"${PODS_ROOT}/Manifest.lock",
			);
			name = "[CP] Check Pods Manifest.lock";
			outputFileListPaths = (
			);
			outputPaths = (
				"$(DERIVED_FILE_DIR)/Pods-Instagram_Clon-checkManifestLockResult.txt",
			);
			runOnlyForDeploymentPostprocessing = 0;
			shellPath = /bin/sh;
			shellScript = "diff \"${PODS_PODFILE_DIR_PATH}/Podfile.lock\" \"${PODS_ROOT}/Manifest.lock\" > /dev/null\nif [ $? != 0 ] ; then\n    # print error to STDERR\n    echo \"error: The sandbox is not in sync with the Podfile.lock. Run 'pod install' or update your CocoaPods installation.\" >&2\n    exit 1\nfi\n# This output is used by Xcode 'outputs' to avoid re-running this script phase.\necho \"SUCCESS\" > \"${SCRIPT_OUTPUT_FILE_0}\"\n";
			showEnvVarsInLog = 0;
		};
/* End PBXShellScriptBuildPhase section */

/* Begin PBXSourcesBuildPhase section */
		96B082C726D367C4000E7FC2 /* Sources */ = {
			isa = PBXSourcesBuildPhase;
			buildActionMask = 2147483647;
			files = (
				96BACB5326D5F69500008CC9 /* Coordinator.swift in Sources */,
				96B5B4F326D897D800FCBC06 /* FeedViewModel.swift in Sources */,
				96CF99D626D4B9D100E90BBF /* HomeLikesScreen.swift in Sources */,
				96C2139C26E72E20009ACDF4 /* StorageStore.swift in Sources */,
				96CF99D026D4B8E600E90BBF /* HomeFeedScreen.swift in Sources */,
				96B0830626D36D97000E7FC2 /* Utils.swift in Sources */,
				96B082CF26D367C4000E7FC2 /* AppDelegate.swift in Sources */,
				96BACB5126D5F32700008CC9 /* ImageRicerView.swift in Sources */,
				96B0830326D36B78000E7FC2 /* SignInScreen.swift in Sources */,
				96B082D126D367C4000E7FC2 /* SceneDelegate.swift in Sources */,
				96C2139A26E71F34009ACDF4 /* DatabaseStore.swift in Sources */,
				96B0830126D36B46000E7FC2 /* StarterScreen.swift in Sources */,
				96CF99CE26D4B29B00E90BBF /* User.swift in Sources */,
				96CF99C826D4B1AD00E90BBF /* HomeScreen.swift in Sources */,
				96B5B4F826D89D0200FCBC06 /* PostCell.swift in Sources */,
				96CF99CB26D4B21400E90BBF /* SessionStore.swift in Sources */,
				969D0B7426DF78640090048C /* SignUpViewModel.swift in Sources */,
				969D0B7226DF69970090048C /* SignInViewModel.swift in Sources */,
				96CF99D826D4B9EA00E90BBF /* HomeProfilesScreen.swift in Sources */,
				96AE314626DA07CC00292631 /* ProfileViewModel.swift in Sources */,
				96AE314226D9FBDA00292631 /* SearchViewModel.swift in Sources */,
				96CF99D226D4B98D00E90BBF /* HomeSearchScreen.swift in Sources */,
				96B5B4F526D8983300FCBC06 /* Post.swift in Sources */,
				96B0830826D37611000E7FC2 /* SignUpScreen.swift in Sources */,
				96CF99D426D4B9B700E90BBF /* HomeUploadScreen.swift in Sources */,
				96AE314426D9FFD900292631 /* UserCell.swift in Sources */,
				96B5B4FA26D8AD3800FCBC06 /* LikeViewModel.swift in Sources */,
				96AB38FB26DE0B7400B9D706 /* MyPostCell.swift in Sources */,
			);
			runOnlyForDeploymentPostprocessing = 0;
		};
		96B082DD26D367C8000E7FC2 /* Sources */ = {
			isa = PBXSourcesBuildPhase;
			buildActionMask = 2147483647;
			files = (
				96B082E626D367C8000E7FC2 /* Instagram_ClonTests.swift in Sources */,
			);
			runOnlyForDeploymentPostprocessing = 0;
		};
		96B082E826D367C8000E7FC2 /* Sources */ = {
			isa = PBXSourcesBuildPhase;
			buildActionMask = 2147483647;
			files = (
				96B082F126D367C8000E7FC2 /* Instagram_ClonUITests.swift in Sources */,
			);
			runOnlyForDeploymentPostprocessing = 0;
		};
/* End PBXSourcesBuildPhase section */

/* Begin PBXTargetDependency section */
		96B082E326D367C8000E7FC2 /* PBXTargetDependency */ = {
			isa = PBXTargetDependency;
			target = 96B082CA26D367C4000E7FC2 /* Instagram_Clon */;
			targetProxy = 96B082E226D367C8000E7FC2 /* PBXContainerItemProxy */;
		};
		96B082EE26D367C8000E7FC2 /* PBXTargetDependency */ = {
			isa = PBXTargetDependency;
			target = 96B082CA26D367C4000E7FC2 /* Instagram_Clon */;
			targetProxy = 96B082ED26D367C8000E7FC2 /* PBXContainerItemProxy */;
		};
/* End PBXTargetDependency section */

/* Begin PBXVariantGroup section */
		96B082D926D367C7000E7FC2 /* LaunchScreen.storyboard */ = {
			isa = PBXVariantGroup;
			children = (
				96B082DA26D367C7000E7FC2 /* Base */,
				96B0835526D39A77000E7FC2 /* ru */,
			);
			name = LaunchScreen.storyboard;
			sourceTree = "<group>";
		};
		96B0835426D399EE000E7FC2 /* Localizable.strings */ = {
			isa = PBXVariantGroup;
			children = (
				96B0835326D399EE000E7FC2 /* en */,
				96B0835626D39A77000E7FC2 /* ru */,
			);
			name = Localizable.strings;
			sourceTree = "<group>";
		};
/* End PBXVariantGroup section */

/* Begin XCBuildConfiguration section */
		96B082F326D367C8000E7FC2 /* Debug */ = {
			isa = XCBuildConfiguration;
			buildSettings = {
				ALWAYS_SEARCH_USER_PATHS = NO;
				CLANG_ANALYZER_LOCALIZABILITY_NONLOCALIZED = YES;
				CLANG_ANALYZER_NONNULL = YES;
				CLANG_ANALYZER_NUMBER_OBJECT_CONVERSION = YES_AGGRESSIVE;
				CLANG_CXX_LANGUAGE_STANDARD = "gnu++14";
				CLANG_CXX_LIBRARY = "libc++";
				CLANG_ENABLE_MODULES = YES;
				CLANG_ENABLE_OBJC_ARC = YES;
				CLANG_ENABLE_OBJC_WEAK = YES;
				CLANG_WARN_BLOCK_CAPTURE_AUTORELEASING = YES;
				CLANG_WARN_BOOL_CONVERSION = YES;
				CLANG_WARN_COMMA = YES;
				CLANG_WARN_CONSTANT_CONVERSION = YES;
				CLANG_WARN_DEPRECATED_OBJC_IMPLEMENTATIONS = YES;
				CLANG_WARN_DIRECT_OBJC_ISA_USAGE = YES_ERROR;
				CLANG_WARN_DOCUMENTATION_COMMENTS = YES;
				CLANG_WARN_EMPTY_BODY = YES;
				CLANG_WARN_ENUM_CONVERSION = YES;
				CLANG_WARN_INFINITE_RECURSION = YES;
				CLANG_WARN_INT_CONVERSION = YES;
				CLANG_WARN_NON_LITERAL_NULL_CONVERSION = YES;
				CLANG_WARN_OBJC_IMPLICIT_RETAIN_SELF = YES;
				CLANG_WARN_OBJC_LITERAL_CONVERSION = YES;
				CLANG_WARN_OBJC_ROOT_CLASS = YES_ERROR;
				CLANG_WARN_QUOTED_INCLUDE_IN_FRAMEWORK_HEADER = YES;
				CLANG_WARN_RANGE_LOOP_ANALYSIS = YES;
				CLANG_WARN_STRICT_PROTOTYPES = YES;
				CLANG_WARN_SUSPICIOUS_MOVE = YES;
				CLANG_WARN_UNGUARDED_AVAILABILITY = YES_AGGRESSIVE;
				CLANG_WARN_UNREACHABLE_CODE = YES;
				CLANG_WARN__DUPLICATE_METHOD_MATCH = YES;
				COPY_PHASE_STRIP = NO;
				DEBUG_INFORMATION_FORMAT = dwarf;
				ENABLE_STRICT_OBJC_MSGSEND = YES;
				ENABLE_TESTABILITY = YES;
				GCC_C_LANGUAGE_STANDARD = gnu11;
				GCC_DYNAMIC_NO_PIC = NO;
				GCC_NO_COMMON_BLOCKS = YES;
				GCC_OPTIMIZATION_LEVEL = 0;
				GCC_PREPROCESSOR_DEFINITIONS = (
					"DEBUG=1",
					"$(inherited)",
				);
				GCC_WARN_64_TO_32_BIT_CONVERSION = YES;
				GCC_WARN_ABOUT_RETURN_TYPE = YES_ERROR;
				GCC_WARN_UNDECLARED_SELECTOR = YES;
				GCC_WARN_UNINITIALIZED_AUTOS = YES_AGGRESSIVE;
				GCC_WARN_UNUSED_FUNCTION = YES;
				GCC_WARN_UNUSED_VARIABLE = YES;
				IPHONEOS_DEPLOYMENT_TARGET = 14.5;
				MTL_ENABLE_DEBUG_INFO = INCLUDE_SOURCE;
				MTL_FAST_MATH = YES;
				ONLY_ACTIVE_ARCH = YES;
				SDKROOT = iphoneos;
				SWIFT_ACTIVE_COMPILATION_CONDITIONS = DEBUG;
				SWIFT_OPTIMIZATION_LEVEL = "-Onone";
			};
			name = Debug;
		};
		96B082F426D367C8000E7FC2 /* Release */ = {
			isa = XCBuildConfiguration;
			buildSettings = {
				ALWAYS_SEARCH_USER_PATHS = NO;
				CLANG_ANALYZER_LOCALIZABILITY_NONLOCALIZED = YES;
				CLANG_ANALYZER_NONNULL = YES;
				CLANG_ANALYZER_NUMBER_OBJECT_CONVERSION = YES_AGGRESSIVE;
				CLANG_CXX_LANGUAGE_STANDARD = "gnu++14";
				CLANG_CXX_LIBRARY = "libc++";
				CLANG_ENABLE_MODULES = YES;
				CLANG_ENABLE_OBJC_ARC = YES;
				CLANG_ENABLE_OBJC_WEAK = YES;
				CLANG_WARN_BLOCK_CAPTURE_AUTORELEASING = YES;
				CLANG_WARN_BOOL_CONVERSION = YES;
				CLANG_WARN_COMMA = YES;
				CLANG_WARN_CONSTANT_CONVERSION = YES;
				CLANG_WARN_DEPRECATED_OBJC_IMPLEMENTATIONS = YES;
				CLANG_WARN_DIRECT_OBJC_ISA_USAGE = YES_ERROR;
				CLANG_WARN_DOCUMENTATION_COMMENTS = YES;
				CLANG_WARN_EMPTY_BODY = YES;
				CLANG_WARN_ENUM_CONVERSION = YES;
				CLANG_WARN_INFINITE_RECURSION = YES;
				CLANG_WARN_INT_CONVERSION = YES;
				CLANG_WARN_NON_LITERAL_NULL_CONVERSION = YES;
				CLANG_WARN_OBJC_IMPLICIT_RETAIN_SELF = YES;
				CLANG_WARN_OBJC_LITERAL_CONVERSION = YES;
				CLANG_WARN_OBJC_ROOT_CLASS = YES_ERROR;
				CLANG_WARN_QUOTED_INCLUDE_IN_FRAMEWORK_HEADER = YES;
				CLANG_WARN_RANGE_LOOP_ANALYSIS = YES;
				CLANG_WARN_STRICT_PROTOTYPES = YES;
				CLANG_WARN_SUSPICIOUS_MOVE = YES;
				CLANG_WARN_UNGUARDED_AVAILABILITY = YES_AGGRESSIVE;
				CLANG_WARN_UNREACHABLE_CODE = YES;
				CLANG_WARN__DUPLICATE_METHOD_MATCH = YES;
				COPY_PHASE_STRIP = NO;
				DEBUG_INFORMATION_FORMAT = "dwarf-with-dsym";
				ENABLE_NS_ASSERTIONS = NO;
				ENABLE_STRICT_OBJC_MSGSEND = YES;
				GCC_C_LANGUAGE_STANDARD = gnu11;
				GCC_NO_COMMON_BLOCKS = YES;
				GCC_WARN_64_TO_32_BIT_CONVERSION = YES;
				GCC_WARN_ABOUT_RETURN_TYPE = YES_ERROR;
				GCC_WARN_UNDECLARED_SELECTOR = YES;
				GCC_WARN_UNINITIALIZED_AUTOS = YES_AGGRESSIVE;
				GCC_WARN_UNUSED_FUNCTION = YES;
				GCC_WARN_UNUSED_VARIABLE = YES;
				IPHONEOS_DEPLOYMENT_TARGET = 14.5;
				MTL_ENABLE_DEBUG_INFO = NO;
				MTL_FAST_MATH = YES;
				SDKROOT = iphoneos;
				SWIFT_COMPILATION_MODE = wholemodule;
				SWIFT_OPTIMIZATION_LEVEL = "-O";
				VALIDATE_PRODUCT = YES;
			};
			name = Release;
		};
		96B082F626D367C8000E7FC2 /* Debug */ = {
			isa = XCBuildConfiguration;
			baseConfigurationReference = 7EEE6E06A92CF03B384CF83A /* Pods-Instagram_Clon.debug.xcconfig */;
			buildSettings = {
				ASSETCATALOG_COMPILER_APPICON_NAME = AppIcon;
				ASSETCATALOG_COMPILER_GLOBAL_ACCENT_COLOR_NAME = AccentColor;
				CODE_SIGN_STYLE = Automatic;
				DEVELOPMENT_ASSET_PATHS = "\"Instagram_Clon/Preview Content\"";
				ENABLE_PREVIEWS = YES;
				INFOPLIST_FILE = Instagram_Clon/Info.plist;
				LD_RUNPATH_SEARCH_PATHS = (
					"$(inherited)",
					"@executable_path/Frameworks",
				);
				PRODUCT_BUNDLE_IDENTIFIER = "MySoft.Instagram-Clon";
				PRODUCT_NAME = "$(TARGET_NAME)";
				SWIFT_VERSION = 5.0;
				TARGETED_DEVICE_FAMILY = "1,2";
			};
			name = Debug;
		};
		96B082F726D367C8000E7FC2 /* Release */ = {
			isa = XCBuildConfiguration;
			baseConfigurationReference = BFFA4BF9A8D1E19B1E96BAE5 /* Pods-Instagram_Clon.release.xcconfig */;
			buildSettings = {
				ASSETCATALOG_COMPILER_APPICON_NAME = AppIcon;
				ASSETCATALOG_COMPILER_GLOBAL_ACCENT_COLOR_NAME = AccentColor;
				CODE_SIGN_STYLE = Automatic;
				DEVELOPMENT_ASSET_PATHS = "\"Instagram_Clon/Preview Content\"";
				ENABLE_PREVIEWS = YES;
				INFOPLIST_FILE = Instagram_Clon/Info.plist;
				LD_RUNPATH_SEARCH_PATHS = (
					"$(inherited)",
					"@executable_path/Frameworks",
				);
				PRODUCT_BUNDLE_IDENTIFIER = "MySoft.Instagram-Clon";
				PRODUCT_NAME = "$(TARGET_NAME)";
				SWIFT_VERSION = 5.0;
				TARGETED_DEVICE_FAMILY = "1,2";
			};
			name = Release;
		};
		96B082F926D367C8000E7FC2 /* Debug */ = {
			isa = XCBuildConfiguration;
			baseConfigurationReference = EB05B18D40D66B66C4098C50 /* Pods-Instagram_ClonTests.debug.xcconfig */;
			buildSettings = {
				ALWAYS_EMBED_SWIFT_STANDARD_LIBRARIES = YES;
				BUNDLE_LOADER = "$(TEST_HOST)";
				CODE_SIGN_STYLE = Automatic;
				INFOPLIST_FILE = Instagram_ClonTests/Info.plist;
				IPHONEOS_DEPLOYMENT_TARGET = 14.5;
				LD_RUNPATH_SEARCH_PATHS = (
					"$(inherited)",
					"@executable_path/Frameworks",
					"@loader_path/Frameworks",
				);
				PRODUCT_BUNDLE_IDENTIFIER = "MySoft.Instagram-ClonTests";
				PRODUCT_NAME = "$(TARGET_NAME)";
				SWIFT_VERSION = 5.0;
				TARGETED_DEVICE_FAMILY = "1,2";
				TEST_HOST = "$(BUILT_PRODUCTS_DIR)/Instagram_Clon.app/Instagram_Clon";
			};
			name = Debug;
		};
		96B082FA26D367C8000E7FC2 /* Release */ = {
			isa = XCBuildConfiguration;
			baseConfigurationReference = 7E99870FBED54CD59F71EAF1 /* Pods-Instagram_ClonTests.release.xcconfig */;
			buildSettings = {
				ALWAYS_EMBED_SWIFT_STANDARD_LIBRARIES = YES;
				BUNDLE_LOADER = "$(TEST_HOST)";
				CODE_SIGN_STYLE = Automatic;
				INFOPLIST_FILE = Instagram_ClonTests/Info.plist;
				IPHONEOS_DEPLOYMENT_TARGET = 14.5;
				LD_RUNPATH_SEARCH_PATHS = (
					"$(inherited)",
					"@executable_path/Frameworks",
					"@loader_path/Frameworks",
				);
				PRODUCT_BUNDLE_IDENTIFIER = "MySoft.Instagram-ClonTests";
				PRODUCT_NAME = "$(TARGET_NAME)";
				SWIFT_VERSION = 5.0;
				TARGETED_DEVICE_FAMILY = "1,2";
				TEST_HOST = "$(BUILT_PRODUCTS_DIR)/Instagram_Clon.app/Instagram_Clon";
			};
			name = Release;
		};
		96B082FC26D367C8000E7FC2 /* Debug */ = {
			isa = XCBuildConfiguration;
			baseConfigurationReference = C266CCA047589652AE283D1A /* Pods-Instagram_Clon-Instagram_ClonUITests.debug.xcconfig */;
			buildSettings = {
				ALWAYS_EMBED_SWIFT_STANDARD_LIBRARIES = YES;
				CODE_SIGN_STYLE = Automatic;
				INFOPLIST_FILE = Instagram_ClonUITests/Info.plist;
				LD_RUNPATH_SEARCH_PATHS = (
					"$(inherited)",
					"@executable_path/Frameworks",
					"@loader_path/Frameworks",
				);
				PRODUCT_BUNDLE_IDENTIFIER = "MySoft.Instagram-ClonUITests";
				PRODUCT_NAME = "$(TARGET_NAME)";
				SWIFT_VERSION = 5.0;
				TARGETED_DEVICE_FAMILY = "1,2";
				TEST_TARGET_NAME = Instagram_Clon;
			};
			name = Debug;
		};
		96B082FD26D367C8000E7FC2 /* Release */ = {
			isa = XCBuildConfiguration;
			baseConfigurationReference = 597C6B2C0DADD605DEDC13D7 /* Pods-Instagram_Clon-Instagram_ClonUITests.release.xcconfig */;
			buildSettings = {
				ALWAYS_EMBED_SWIFT_STANDARD_LIBRARIES = YES;
				CODE_SIGN_STYLE = Automatic;
				INFOPLIST_FILE = Instagram_ClonUITests/Info.plist;
				LD_RUNPATH_SEARCH_PATHS = (
					"$(inherited)",
					"@executable_path/Frameworks",
					"@loader_path/Frameworks",
				);
				PRODUCT_BUNDLE_IDENTIFIER = "MySoft.Instagram-ClonUITests";
				PRODUCT_NAME = "$(TARGET_NAME)";
				SWIFT_VERSION = 5.0;
				TARGETED_DEVICE_FAMILY = "1,2";
				TEST_TARGET_NAME = Instagram_Clon;
			};
			name = Release;
		};
/* End XCBuildConfiguration section */

/* Begin XCConfigurationList section */
		96B082C626D367C4000E7FC2 /* Build configuration list for PBXProject "Instagram_Clon" */ = {
			isa = XCConfigurationList;
			buildConfigurations = (
				96B082F326D367C8000E7FC2 /* Debug */,
				96B082F426D367C8000E7FC2 /* Release */,
			);
			defaultConfigurationIsVisible = 0;
			defaultConfigurationName = Release;
		};
		96B082F526D367C8000E7FC2 /* Build configuration list for PBXNativeTarget "Instagram_Clon" */ = {
			isa = XCConfigurationList;
			buildConfigurations = (
				96B082F626D367C8000E7FC2 /* Debug */,
				96B082F726D367C8000E7FC2 /* Release */,
			);
			defaultConfigurationIsVisible = 0;
			defaultConfigurationName = Release;
		};
		96B082F826D367C8000E7FC2 /* Build configuration list for PBXNativeTarget "Instagram_ClonTests" */ = {
			isa = XCConfigurationList;
			buildConfigurations = (
				96B082F926D367C8000E7FC2 /* Debug */,
				96B082FA26D367C8000E7FC2 /* Release */,
			);
			defaultConfigurationIsVisible = 0;
			defaultConfigurationName = Release;
		};
		96B082FB26D367C8000E7FC2 /* Build configuration list for PBXNativeTarget "Instagram_ClonUITests" */ = {
			isa = XCConfigurationList;
			buildConfigurations = (
				96B082FC26D367C8000E7FC2 /* Debug */,
				96B082FD26D367C8000E7FC2 /* Release */,
			);
			defaultConfigurationIsVisible = 0;
			defaultConfigurationName = Release;
		};
/* End XCConfigurationList section */
	};
	rootObject = 96B082C326D367C4000E7FC2 /* Project object */;
}
